
Microsoft Visual Studio Solution File, Format Version 12.00
# Visual Studio Version 17
VisualStudioVersion = 17.0.31903.59
MinimumVisualStudioVersion = 10.0.40219.1
Project("{FAE04EC0-301F-11D3-BF4B-00C04F79EFBC}") = "Sportics.Api", "Sportics.Api\Sportics.Api.csproj", "{0A73B90B-738C-4668-BB7B-D94E9314BEBB}"
EndProject
Global
	GlobalSection(SolutionConfigurationPlatforms) = preSolution
		Debug|Any CPU = Debug|Any CPU
		Release|Any CPU = Release|Any CPU
	EndGlobalSection
	GlobalSection(SolutionProperties) = preSolution
		HideSolutionNode = FALSE
	EndGlobalSection
	GlobalSection(ProjectConfigurationPlatforms) = postSolution
		{0A73B90B-738C-4668-BB7B-D94E9314BEBB}.Debug|Any CPU.ActiveCfg = Debug|Any CPU
		{0A73B90B-738C-4668-BB7B-D94E9314BEBB}.Debug|Any CPU.Build.0 = Debug|Any CPU
		{0A73B90B-738C-4668-BB7B-D94E9314BEBB}.Release|Any CPU.ActiveCfg = Release|Any CPU
		{0A73B90B-738C-4668-BB7B-D94E9314BEBB}.Release|Any CPU.Build.0 = Release|Any CPU
	EndGlobalSection
EndGlobal
